
Microsoft Visual Studio Solution File, Format Version 12.00
# Visual Studio Version 17
VisualStudioVersion = 17.11.35303.130
MinimumVisualStudioVersion = 10.0.40219.1
Project("{FAE04EC0-301F-11D3-BF4B-00C04F79EFBC}") = "JanelaBD", "JanelaBD\JanelaBD.csproj", "{6B4AA0FF-FA61-40C1-ABAF-76D12E2CBA0D}"
EndProject
Global
	GlobalSection(SolutionConfigurationPlatforms) = preSolution
		Debug|Any CPU = Debug|Any CPU
		Release|Any CPU = Release|Any CPU
	EndGlobalSection
	GlobalSection(ProjectConfigurationPlatforms) = postSolution
		{6B4AA0FF-FA61-40C1-ABAF-76D12E2CBA0D}.Debug|Any CPU.ActiveCfg = Debug|Any CPU
		{6B4AA0FF-FA61-40C1-ABAF-76D12E2CBA0D}.Debug|Any CPU.Build.0 = Debug|Any CPU
		{6B4AA0FF-FA61-40C1-ABAF-76D12E2CBA0D}.Release|Any CPU.ActiveCfg = Release|Any CPU
		{6B4AA0FF-FA61-40C1-ABAF-76D12E2CBA0D}.Release|Any CPU.Build.0 = Release|Any CPU
	EndGlobalSection
	GlobalSection(SolutionProperties) = preSolution
		HideSolutionNode = FALSE
	EndGlobalSection
	GlobalSection(ExtensibilityGlobals) = postSolution
		SolutionGuid = {15BE1075-20D0-437A-90C8-15A9A43689E6}
	EndGlobalSection
EndGlobal
